
Microsoft Visual Studio Solution File, Format Version 11.00
# Visual Studio 2010
Project("{8BC9CEB8-8B4A-11D0-8D11-00A0C91BC942}") = "ViginereEncryption", "ViginereEncryption\ViginereEncryption.vcxproj", "{1D7E874D-273A-447D-B202-98BB5F3E2177}"
EndProject
Global
	GlobalSection(SolutionConfigurationPlatforms) = preSolution
		Debug|Win32 = Debug|Win32
		Release|Win32 = Release|Win32
	EndGlobalSection
	GlobalSection(ProjectConfigurationPlatforms) = postSolution
		{1D7E874D-273A-447D-B202-98BB5F3E2177}.Debug|Win32.ActiveCfg = Debug|Win32
		{1D7E874D-273A-447D-B202-98BB5F3E2177}.Debug|Win32.Build.0 = Debug|Win32
		{1D7E874D-273A-447D-B202-98BB5F3E2177}.Release|Win32.ActiveCfg = Release|Win32
		{1D7E874D-273A-447D-B202-98BB5F3E2177}.Release|Win32.Build.0 = Release|Win32
	EndGlobalSection
	GlobalSection(SolutionProperties) = preSolution
		HideSolutionNode = FALSE
	EndGlobalSection
EndGlobal
