
Microsoft Visual Studio Solution File, Format Version 10.00
# Visual C++ Express 2008
Project("{8BC9CEB8-8B4A-11D0-8D11-00A0C91BC942}") = "ADTTable", "ADTTable\ADTTable.vcproj", "{CCEF694A-11E1-4D2C-A82B-BA456F21BB08}"
EndProject
Global
	GlobalSection(SolutionConfigurationPlatforms) = preSolution
		Debug|Win32 = Debug|Win32
		Release|Win32 = Release|Win32
	EndGlobalSection
	GlobalSection(ProjectConfigurationPlatforms) = postSolution
		{CCEF694A-11E1-4D2C-A82B-BA456F21BB08}.Debug|Win32.ActiveCfg = Debug|Win32
		{CCEF694A-11E1-4D2C-A82B-BA456F21BB08}.Debug|Win32.Build.0 = Debug|Win32
		{CCEF694A-11E1-4D2C-A82B-BA456F21BB08}.Release|Win32.ActiveCfg = Release|Win32
		{CCEF694A-11E1-4D2C-A82B-BA456F21BB08}.Release|Win32.Build.0 = Release|Win32
	EndGlobalSection
	GlobalSection(SolutionProperties) = preSolution
		HideSolutionNode = FALSE
	EndGlobalSection
EndGlobal
