<?xml version="1.0" encoding="utf-8"?>
<Project ToolsVersion="4.0" xmlns="http://schemas.microsoft.com/developer/msbuild/2003">
  <ItemGroup>
    <Filter Include="Header Files">
      <UniqueIdentifier>{93995380-89BD-4b04-88EB-625FBE52EBFB}</UniqueIdentifier>
      <Extensions>h;hpp;hxx;hm;inl;inc;xsd</Extensions>
    </Filter>
    <Filter Include="Header Files\TileHeaders">
      <UniqueIdentifier>{fa51bee8-ba28-421a-8581-acf43a28c681}</UniqueIdentifier>
    </Filter>
    <Filter Include="Header Files\ASTAR">
      <UniqueIdentifier>{cdaedbe6-7b16-42e2-8bcf-fa9a148d35fa}</UniqueIdentifier>
    </Filter>
    <Filter Include="Resource Files">
      <UniqueIdentifier>{67DA6AB6-F800-4c08-8B7A-83BB121AAD01}</UniqueIdentifier>
      <Extensions>rc;ico;cur;bmp;dlg;rc2;rct;bin;rgs;gif;jpg;jpeg;jpe;resx;tiff;tif;png;wav</Extensions>
    </Filter>
    <Filter Include="Resource Files\Source Files">
      <UniqueIdentifier>{4FC737F1-C7A5-4376-A066-2A32D752A2FF}</UniqueIdentifier>
      <Extensions>cpp;c;cc;cxx;def;odl;idl;hpj;bat;asm;asmx</Extensions>
    </Filter>
    <Filter Include="Resource Files\Source Files\TileSrc">
      <UniqueIdentifier>{ee7c3538-7fcb-4299-90b2-c0ce647fc761}</UniqueIdentifier>
    </Filter>
    <Filter Include="Resource Files\Source Files\ASTAR">
      <UniqueIdentifier>{5f2f695f-979b-4beb-9d68-ecdea52a49e3}</UniqueIdentifier>
    </Filter>
    <Filter Include="Resource Files\Source Files\Input">
      <UniqueIdentifier>{f3bbe190-dc22-4400-8a90-53e677d49215}</UniqueIdentifier>
    </Filter>
    <Filter Include="Header Files\Input">
      <UniqueIdentifier>{fa4b939e-5b1b-41d6-9e14-6264f4e26c70}</UniqueIdentifier>
    </Filter>
    <Filter Include="Header Files\constants">
      <UniqueIdentifier>{00979198-d404-4b17-9603-356c6b329cc2}</UniqueIdentifier>
    </Filter>
  </ItemGroup>
  <ItemGroup>
    <ClInclude Include="Form1.h">
      <Filter>Header Files</Filter>
    </ClInclude>
    <ClInclude Include="resource.h">
      <Filter>Header Files</Filter>
    </ClInclude>
    <ClInclude Include="stdafx.h">
      <Filter>Header Files</Filter>
    </ClInclude>
    <ClInclude Include="TileMap.h">
      <Filter>Header Files\TileHeaders</Filter>
    </ClInclude>
    <ClInclude Include="AStar.h">
      <Filter>Header Files\ASTAR</Filter>
    </ClInclude>
    <ClInclude Include="Node.h">
      <Filter>Header Files\ASTAR</Filter>
    </ClInclude>
    <ClInclude Include="input.h">
      <Filter>Header Files\Input</Filter>
    </ClInclude>
    <ClInclude Include="constants.h">
      <Filter>Header Files\constants</Filter>
    </ClInclude>
    <ClInclude Include="SimManager.h">
      <Filter>Header Files</Filter>
    </ClInclude>
  </ItemGroup>
  <ItemGroup>
    <Image Include="app.ico">
      <Filter>Resource Files</Filter>
    </Image>
  </ItemGroup>
  <ItemGroup>
    <ResourceCompile Include="app.rc">
      <Filter>Resource Files</Filter>
    </ResourceCompile>
  </ItemGroup>
  <ItemGroup>
    <ClCompile Include="AssemblyInfo.cpp">
      <Filter>Resource Files\Source Files</Filter>
    </ClCompile>
    <ClCompile Include="LineGame.cpp">
      <Filter>Resource Files\Source Files</Filter>
    </ClCompile>
    <ClCompile Include="stdafx.cpp">
      <Filter>Resource Files\Source Files</Filter>
    </ClCompile>
    <ClCompile Include="TileMap.cpp">
      <Filter>Resource Files\Source Files\TileSrc</Filter>
    </ClCompile>
    <ClCompile Include="AStar.cpp">
      <Filter>Resource Files\Source Files\ASTAR</Filter>
    </ClCompile>
    <ClCompile Include="Node.cpp">
      <Filter>Resource Files\Source Files\ASTAR</Filter>
    </ClCompile>
    <ClCompile Include="input.cpp">
      <Filter>Resource Files\Source Files\Input</Filter>
    </ClCompile>
    <ClCompile Include="SimManager.cpp">
      <Filter>Resource Files\Source Files</Filter>
    </ClCompile>
  </ItemGroup>
  <ItemGroup>
    <Text Include="ReadMe.txt" />
  </ItemGroup>
  <ItemGroup>
    <EmbeddedResource Include="Form1.resX">
      <Filter>Resource Files</Filter>
    </EmbeddedResource>
  </ItemGroup>
</Project>