
Microsoft Visual Studio Solution File, Format Version 10.00
# Visual C++ Express 2008
Project("{8BC9CEB8-8B4A-11D0-8D11-00A0C91BC942}") = "SortingAlgorithms", "SortingAlgorithms\SortingAlgorithms.vcproj", "{895DAC2A-8FBF-4836-9BAC-7B0B424577A2}"
EndProject
Global
	GlobalSection(SolutionConfigurationPlatforms) = preSolution
		Debug|Win32 = Debug|Win32
		Release|Win32 = Release|Win32
	EndGlobalSection
	GlobalSection(ProjectConfigurationPlatforms) = postSolution
		{895DAC2A-8FBF-4836-9BAC-7B0B424577A2}.Debug|Win32.ActiveCfg = Debug|Win32
		{895DAC2A-8FBF-4836-9BAC-7B0B424577A2}.Debug|Win32.Build.0 = Debug|Win32
		{895DAC2A-8FBF-4836-9BAC-7B0B424577A2}.Release|Win32.ActiveCfg = Release|Win32
		{895DAC2A-8FBF-4836-9BAC-7B0B424577A2}.Release|Win32.Build.0 = Release|Win32
	EndGlobalSection
	GlobalSection(SolutionProperties) = preSolution
		HideSolutionNode = FALSE
	EndGlobalSection
EndGlobal
